
Microsoft Visual Studio Solution File, Format Version 12.00
# Visual Studio 15
VisualStudioVersion = 15.0.27130.2027
MinimumVisualStudioVersion = 10.0.40219.1
Project("{FAE04EC0-301F-11D3-BF4B-00C04F79EFBC}") = "Snake", "Snake\Snake.csproj", "{F33BB532-619B-484D-9E0E-96861C051C10}"
EndProject
Global
	GlobalSection(SolutionConfigurationPlatforms) = preSolution
		Debug|Any CPU = Debug|Any CPU
		Release|Any CPU = Release|Any CPU
	EndGlobalSection
	GlobalSection(ProjectConfigurationPlatforms) = postSolution
		{F33BB532-619B-484D-9E0E-96861C051C10}.Debug|Any CPU.ActiveCfg = Debug|Any CPU
		{F33BB532-619B-484D-9E0E-96861C051C10}.Debug|Any CPU.Build.0 = Debug|Any CPU
		{F33BB532-619B-484D-9E0E-96861C051C10}.Release|Any CPU.ActiveCfg = Release|Any CPU
		{F33BB532-619B-484D-9E0E-96861C051C10}.Release|Any CPU.Build.0 = Release|Any CPU
	EndGlobalSection
	GlobalSection(SolutionProperties) = preSolution
		HideSolutionNode = FALSE
	EndGlobalSection
	GlobalSection(ExtensibilityGlobals) = postSolution
		SolutionGuid = {E5940BEA-3DBA-421A-8D6F-2385BCE07A5F}
	EndGlobalSection
EndGlobal
